
Microsoft Visual Studio Solution File, Format Version 12.00
# Visual Studio Version 17
VisualStudioVersion = 17.5.33530.505
MinimumVisualStudioVersion = 10.0.40219.1
Project("{FAE04EC0-301F-11D3-BF4B-00C04F79EFBC}") = "myMLApp", "myMLApp.csproj", "{B89405C7-6B98-497C-89AA-337AA3F13FC9}"
EndProject
Global
	GlobalSection(SolutionConfigurationPlatforms) = preSolution
		Debug|Any CPU = Debug|Any CPU
		Release|Any CPU = Release|Any CPU
	EndGlobalSection
	GlobalSection(ProjectConfigurationPlatforms) = postSolution
		{B89405C7-6B98-497C-89AA-337AA3F13FC9}.Debug|Any CPU.ActiveCfg = Debug|Any CPU
		{B89405C7-6B98-497C-89AA-337AA3F13FC9}.Debug|Any CPU.Build.0 = Debug|Any CPU
		{B89405C7-6B98-497C-89AA-337AA3F13FC9}.Release|Any CPU.ActiveCfg = Release|Any CPU
		{B89405C7-6B98-497C-89AA-337AA3F13FC9}.Release|Any CPU.Build.0 = Release|Any CPU
	EndGlobalSection
	GlobalSection(SolutionProperties) = preSolution
		HideSolutionNode = FALSE
	EndGlobalSection
	GlobalSection(ExtensibilityGlobals) = postSolution
		SolutionGuid = {D0F5F0C3-46CE-4EAE-B825-C1F9F7B020C5}
	EndGlobalSection
EndGlobal
